// !$*UTF8*$!
{
	archiveVersion = 1;
	classes = {
	};
	objectVersion = 46;
	objects = {

/* Begin PBXBuildFile section */
		ADC2AFF2411CA6B1233E2C59 /* libPods-BDDViewControllersDBTests.a in Frameworks */ = {isa = PBXBuildFile; fileRef = A04184D09A5044DE647F2DFB /* libPods-BDDViewControllersDBTests.a */; };
		F8B47F301A5EE1D0007A0CED /* main.m in Sources */ = {isa = PBXBuildFile; fileRef = F8B47F2F1A5EE1D0007A0CED /* main.m */; };
		F8B47F331A5EE1D0007A0CED /* AppDelegate.m in Sources */ = {isa = PBXBuildFile; fileRef = F8B47F321A5EE1D0007A0CED /* AppDelegate.m */; };
		F8B47F361A5EE1D0007A0CED /* ViewController.m in Sources */ = {isa = PBXBuildFile; fileRef = F8B47F351A5EE1D0007A0CED /* ViewController.m */; };
		F8B47F391A5EE1D0007A0CED /* Main.storyboard in Resources */ = {isa = PBXBuildFile; fileRef = F8B47F371A5EE1D0007A0CED /* Main.storyboard */; };
		F8B47F3B1A5EE1D0007A0CED /* Images.xcassets in Resources */ = {isa = PBXBuildFile; fileRef = F8B47F3A1A5EE1D0007A0CED /* Images.xcassets */; };
		F8B47F3E1A5EE1D0007A0CED /* LaunchScreen.xib in Resources */ = {isa = PBXBuildFile; fileRef = F8B47F3C1A5EE1D0007A0CED /* LaunchScreen.xib */; };
/* End PBXBuildFile section */

/* Begin PBXContainerItemProxy section */
		F8B47F441A5EE1D0007A0CED /* PBXContainerItemProxy */ = {
			isa = PBXContainerItemProxy;
			containerPortal = F8B47F221A5EE1D0007A0CED /* Project object */;
			proxyType = 1;
			remoteGlobalIDString = F8B47F291A5EE1D0007A0CED;
			remoteInfo = BDDViewControllersDB;
		};
/* End PBXContainerItemProxy section */

/* Begin PBXFileReference section */
		8F26FA455F3EE78DB17F729E /* Pods-BDDViewControllersDBTests.release.xcconfig */ = {isa = PBXFileReference; includeInIndex = 1; lastKnownFileType = text.xcconfig; name = "Pods-BDDViewControllersDBTests.release.xcconfig"; path = "Pods/Target Support Files/Pods-BDDViewControllersDBTests/Pods-BDDViewControllersDBTests.release.xcconfig"; sourceTree = "<group>"; };
		A04184D09A5044DE647F2DFB /* libPods-BDDViewControllersDBTests.a */ = {isa = PBXFileReference; explicitFileType = archive.ar; includeInIndex = 0; path = "libPods-BDDViewControllersDBTests.a"; sourceTree = BUILT_PRODUCTS_DIR; };
		BC95C3FD17399AA8C1145C80 /* Pods-BDDViewControllersDBTests.debug.xcconfig */ = {isa = PBXFileReference; includeInIndex = 1; lastKnownFileType = text.xcconfig; name = "Pods-BDDViewControllersDBTests.debug.xcconfig"; path = "Pods/Target Support Files/Pods-BDDViewControllersDBTests/Pods-BDDViewControllersDBTests.debug.xcconfig"; sourceTree = "<group>"; };
		F8B47F2A1A5EE1D0007A0CED /* BDDViewControllersDB.app */ = {isa = PBXFileReference; explicitFileType = wrapper.application; includeInIndex = 0; path = BDDViewControllersDB.app; sourceTree = BUILT_PRODUCTS_DIR; };
		F8B47F2E1A5EE1D0007A0CED /* Info.plist */ = {isa = PBXFileReference; lastKnownFileType = text.plist.xml; path = Info.plist; sourceTree = "<group>"; };
		F8B47F2F1A5EE1D0007A0CED /* main.m */ = {isa = PBXFileReference; lastKnownFileType = sourcecode.c.objc; path = main.m; sourceTree = "<group>"; };
		F8B47F311A5EE1D0007A0CED /* AppDelegate.h */ = {isa = PBXFileReference; lastKnownFileType = sourcecode.c.h; path = AppDelegate.h; sourceTree = "<group>"; };
		F8B47F321A5EE1D0007A0CED /* AppDelegate.m */ = {isa = PBXFileReference; lastKnownFileType = sourcecode.c.objc; path = AppDelegate.m; sourceTree = "<group>"; };
		F8B47F341A5EE1D0007A0CED /* ViewController.h */ = {isa = PBXFileReference; lastKnownFileType = sourcecode.c.h; path = ViewController.h; sourceTree = "<group>"; };
		F8B47F351A5EE1D0007A0CED /* ViewController.m */ = {isa = PBXFileReference; lastKnownFileType = sourcecode.c.objc; path = ViewController.m; sourceTree = "<group>"; };
		F8B47F381A5EE1D0007A0CED /* Base */ = {isa = PBXFileReference; lastKnownFileType = file.storyboard; name = Base; path = Base.lproj/Main.storyboard; sourceTree = "<group>"; };
		F8B47F3A1A5EE1D0007A0CED /* Images.xcassets */ = {isa = PBXFileReference; lastKnownFileType = folder.assetcatalog; path = Images.xcassets; sourceTree = "<group>"; };
		F8B47F3D1A5EE1D0007A0CED /* Base */ = {isa = PBXFileReference; lastKnownFileType = file.xib; name = Base; path = Base.lproj/LaunchScreen.xib; sourceTree = "<group>"; };
		F8B47F431A5EE1D0007A0CED /* BDDViewControllersDBTests.xctest */ = {isa = PBXFileReference; explicitFileType = wrapper.cfbundle; includeInIndex = 0; path = BDDViewControllersDBTests.xctest; sourceTree = BUILT_PRODUCTS_DIR; };
		F8B47F481A5EE1D0007A0CED /* Info.plist */ = {isa = PBXFileReference; lastKnownFileType = text.plist.xml; path = Info.plist; sourceTree = "<group>"; };
		F8B47F541A5EE67F007A0CED /* BDDViewControllersDBTests-Prefix.pch */ = {isa = PBXFileReference; lastKnownFileType = sourcecode.c.h; path = "BDDViewControllersDBTests-Prefix.pch"; sourceTree = "<group>"; };
/* End PBXFileReference section */

/* Begin PBXFrameworksBuildPhase section */
		F8B47F271A5EE1D0007A0CED /* Frameworks */ = {
			isa = PBXFrameworksBuildPhase;
			buildActionMask = 2147483647;
			files = (
			);
			runOnlyForDeploymentPostprocessing = 0;
		};
		F8B47F401A5EE1D0007A0CED /* Frameworks */ = {
			isa = PBXFrameworksBuildPhase;
			buildActionMask = 2147483647;
			files = (
				ADC2AFF2411CA6B1233E2C59 /* libPods-BDDViewControllersDBTests.a in Frameworks */,
			);
			runOnlyForDeploymentPostprocessing = 0;
		};
/* End PBXFrameworksBuildPhase section */

/* Begin PBXGroup section */
		1169CF927A0A571D43674FE5 /* Pods */ = {
			isa = PBXGroup;
			children = (
				BC95C3FD17399AA8C1145C80 /* Pods-BDDViewControllersDBTests.debug.xcconfig */,
				8F26FA455F3EE78DB17F729E /* Pods-BDDViewControllersDBTests.release.xcconfig */,
			);
			name = Pods;
			sourceTree = "<group>";
		};
		80E76F4295B227A56059C4EB /* Frameworks */ = {
			isa = PBXGroup;
			children = (
				A04184D09A5044DE647F2DFB /* libPods-BDDViewControllersDBTests.a */,
			);
			name = Frameworks;
			sourceTree = "<group>";
		};
		F8B47F211A5EE1D0007A0CED = {
			isa = PBXGroup;
			children = (
				F8B47F2C1A5EE1D0007A0CED /* BDDViewControllersDB */,
				F8B47F461A5EE1D0007A0CED /* BDDViewControllersDBTests */,
				F8B47F2B1A5EE1D0007A0CED /* Products */,
				1169CF927A0A571D43674FE5 /* Pods */,
				80E76F4295B227A56059C4EB /* Frameworks */,
			);
			sourceTree = "<group>";
		};
		F8B47F2B1A5EE1D0007A0CED /* Products */ = {
			isa = PBXGroup;
			children = (
				F8B47F2A1A5EE1D0007A0CED /* BDDViewControllersDB.app */,
				F8B47F431A5EE1D0007A0CED /* BDDViewControllersDBTests.xctest */,
			);
			name = Products;
			sourceTree = "<group>";
		};
		F8B47F2C1A5EE1D0007A0CED /* BDDViewControllersDB */ = {
			isa = PBXGroup;
			children = (
				F8B47F311A5EE1D0007A0CED /* AppDelegate.h */,
				F8B47F321A5EE1D0007A0CED /* AppDelegate.m */,
				F8B47F341A5EE1D0007A0CED /* ViewController.h */,
				F8B47F351A5EE1D0007A0CED /* ViewController.m */,
				F8B47F371A5EE1D0007A0CED /* Main.storyboard */,
				F8B47F3A1A5EE1D0007A0CED /* Images.xcassets */,
				F8B47F3C1A5EE1D0007A0CED /* LaunchScreen.xib */,
				F8B47F2D1A5EE1D0007A0CED /* Supporting Files */,
			);
			path = BDDViewControllersDB;
			sourceTree = "<group>";
		};
		F8B47F2D1A5EE1D0007A0CED /* Supporting Files */ = {
			isa = PBXGroup;
			children = (
				F8B47F2E1A5EE1D0007A0CED /* Info.plist */,
				F8B47F2F1A5EE1D0007A0CED /* main.m */,
			);
			name = "Supporting Files";
			sourceTree = "<group>";
		};
		F8B47F461A5EE1D0007A0CED /* BDDViewControllersDBTests */ = {
			isa = PBXGroup;
			children = (
				F8B47F471A5EE1D0007A0CED /* Supporting Files */,
			);
			path = BDDViewControllersDBTests;
			sourceTree = "<group>";
		};
		F8B47F471A5EE1D0007A0CED /* Supporting Files */ = {
			isa = PBXGroup;
			children = (
				F8B47F481A5EE1D0007A0CED /* Info.plist */,
				F8B47F541A5EE67F007A0CED /* BDDViewControllersDBTests-Prefix.pch */,
			);
			name = "Supporting Files";
			sourceTree = "<group>";
		};
/* End PBXGroup section */

/* Begin PBXNativeTarget section */
		F8B47F291A5EE1D0007A0CED /* BDDViewControllersDB */ = {
			isa = PBXNativeTarget;
			buildConfigurationList = F8B47F4D1A5EE1D0007A0CED /* Build configuration list for PBXNativeTarget "BDDViewControllersDB" */;
			buildPhases = (
				F8B47F261A5EE1D0007A0CED /* Sources */,
				F8B47F271A5EE1D0007A0CED /* Frameworks */,
				F8B47F281A5EE1D0007A0CED /* Resources */,
			);
			buildRules = (
			);
			dependencies = (
			);
			name = BDDViewControllersDB;
			productName = BDDViewControllersDB;
			productReference = F8B47F2A1A5EE1D0007A0CED /* BDDViewControllersDB.app */;
			productType = "com.apple.product-type.application";
		};
		F8B47F421A5EE1D0007A0CED /* BDDViewControllersDBTests */ = {
			isa = PBXNativeTarget;
			buildConfigurationList = F8B47F501A5EE1D0007A0CED /* Build configuration list for PBXNativeTarget "BDDViewControllersDBTests" */;
			buildPhases = (
				EF02FCF3B93A4B40F41C6386 /* Check Pods Manifest.lock */,
				F8B47F3F1A5EE1D0007A0CED /* Sources */,
				F8B47F401A5EE1D0007A0CED /* Frameworks */,
				F8B47F411A5EE1D0007A0CED /* Resources */,
				630D1CCCFF980AEB90DAE35A /* Copy Pods Resources */,
			);
			buildRules = (
			);
			dependencies = (
				F8B47F451A5EE1D0007A0CED /* PBXTargetDependency */,
			);
			name = BDDViewControllersDBTests;
			productName = BDDViewControllersDBTests;
			productReference = F8B47F431A5EE1D0007A0CED /* BDDViewControllersDBTests.xctest */;
			productType = "com.apple.product-type.bundle.unit-test";
		};
/* End PBXNativeTarget section */

/* Begin PBXProject section */
		F8B47F221A5EE1D0007A0CED /* Project object */ = {
			isa = PBXProject;
			attributes = {
				LastUpgradeCheck = 0610;
				ORGANIZATIONNAME = "One foot after the other";
				TargetAttributes = {
					F8B47F291A5EE1D0007A0CED = {
						CreatedOnToolsVersion = 6.1.1;
					};
					F8B47F421A5EE1D0007A0CED = {
						CreatedOnToolsVersion = 6.1.1;
						TestTargetID = F8B47F291A5EE1D0007A0CED;
					};
				};
			};
			buildConfigurationList = F8B47F251A5EE1D0007A0CED /* Build configuration list for PBXProject "BDDViewControllersDB" */;
			compatibilityVersion = "Xcode 3.2";
			developmentRegion = English;
			hasScannedForEncodings = 0;
			knownRegions = (
				en,
				Base,
			);
			mainGroup = F8B47F211A5EE1D0007A0CED;
			productRefGroup = F8B47F2B1A5EE1D0007A0CED /* Products */;
			projectDirPath = "";
			projectRoot = "";
			targets = (
				F8B47F291A5EE1D0007A0CED /* BDDViewControllersDB */,
				F8B47F421A5EE1D0007A0CED /* BDDViewControllersDBTests */,
			);
		};
/* End PBXProject section */

/* Begin PBXResourcesBuildPhase section */
		F8B47F281A5EE1D0007A0CED /* Resources */ = {
			isa = PBXResourcesBuildPhase;
			buildActionMask = 2147483647;
			files = (
				F8B47F391A5EE1D0007A0CED /* Main.storyboard in Resources */,
				F8B47F3E1A5EE1D0007A0CED /* LaunchScreen.xib in Resources */,
				F8B47F3B1A5EE1D0007A0CED /* Images.xcassets in Resources */,
			);
			runOnlyForDeploymentPostprocessing = 0;
		};
		F8B47F411A5EE1D0007A0CED /* Resources */ = {
			isa = PBXResourcesBuildPhase;
			buildActionMask = 2147483647;
			files = (
			);
			runOnlyForDeploymentPostprocessing = 0;
		};
/* End PBXResourcesBuildPhase section */

/* Begin PBXShellScriptBuildPhase section */
		630D1CCCFF980AEB90DAE35A /* Copy Pods Resources */ = {
			isa = PBXShellScriptBuildPhase;
			buildActionMask = 2147483647;
			files = (
			);
			inputPaths = (
			);
			name = "Copy Pods Resources";
			outputPaths = (
			);
			runOnlyForDeploymentPostprocessing = 0;
			shellPath = /bin/sh;
			shellScript = "\"${SRCROOT}/Pods/Target Support Files/Pods-BDDViewControllersDBTests/Pods-BDDViewControllersDBTests-resources.sh\"\n";
			showEnvVarsInLog = 0;
		};
		EF02FCF3B93A4B40F41C6386 /* Check Pods Manifest.lock */ = {
			isa = PBXShellScriptBuildPhase;
			buildActionMask = 2147483647;
			files = (
			);
			inputPaths = (
			);
			name = "Check Pods Manifest.lock";
			outputPaths = (
			);
			runOnlyForDeploymentPostprocessing = 0;
			shellPath = /bin/sh;
			shellScript = "diff \"${PODS_ROOT}/../Podfile.lock\" \"${PODS_ROOT}/Manifest.lock\" > /dev/null\nif [[ $? != 0 ]] ; then\n    cat << EOM\nerror: The sandbox is not in sync with the Podfile.lock. Run 'pod install' or update your CocoaPods installation.\nEOM\n    exit 1\nfi\n";
			showEnvVarsInLog = 0;
		};
/* End PBXShellScriptBuildPhase section */

/* Begin PBXSourcesBuildPhase section */
		F8B47F261A5EE1D0007A0CED /* Sources */ = {
			isa = PBXSourcesBuildPhase;
			buildActionMask = 2147483647;
			files = (
				F8B47F361A5EE1D0007A0CED /* ViewController.m in Sources */,
				F8B47F331A5EE1D0007A0CED /* AppDelegate.m in Sources */,
				F8B47F301A5EE1D0007A0CED /* main.m in Sources */,
			);
			runOnlyForDeploymentPostprocessing = 0;
		};
		F8B47F3F1A5EE1D0007A0CED /* Sources */ = {
			isa = PBXSourcesBuildPhase;
			buildActionMask = 2147483647;
			files = (
			);
			runOnlyForDeploymentPostprocessing = 0;
		};
/* End PBXSourcesBuildPhase section */

/* Begin PBXTargetDependency section */
		F8B47F451A5EE1D0007A0CED /* PBXTargetDependency */ = {
			isa = PBXTargetDependency;
			target = F8B47F291A5EE1D0007A0CED /* BDDViewControllersDB */;
			targetProxy = F8B47F441A5EE1D0007A0CED /* PBXContainerItemProxy */;
		};
/* End PBXTargetDependency section */

/* Begin PBXVariantGroup section */
		F8B47F371A5EE1D0007A0CED /* Main.storyboard */ = {
			isa = PBXVariantGroup;
			children = (
				F8B47F381A5EE1D0007A0CED /* Base */,
			);
			name = Main.storyboard;
			sourceTree = "<group>";
		};
		F8B47F3C1A5EE1D0007A0CED /* LaunchScreen.xib */ = {
			isa = PBXVariantGroup;
			children = (
				F8B47F3D1A5EE1D0007A0CED /* Base */,
			);
			name = LaunchScreen.xib;
			sourceTree = "<group>";
		};
/* End PBXVariantGroup section */

/* Begin XCBuildConfiguration section */
		F8B47F4B1A5EE1D0007A0CED /* Debug */ = {
			isa = XCBuildConfiguration;
			buildSettings = {
				ALWAYS_SEARCH_USER_PATHS = NO;
				CLANG_CXX_LANGUAGE_STANDARD = "gnu++0x";
				CLANG_CXX_LIBRARY = "libc++";
				CLANG_ENABLE_MODULES = YES;
				CLANG_ENABLE_OBJC_ARC = YES;
				CLANG_WARN_BOOL_CONVERSION = YES;
				CLANG_WARN_CONSTANT_CONVERSION = YES;
				CLANG_WARN_DIRECT_OBJC_ISA_USAGE = YES_ERROR;
				CLANG_WARN_EMPTY_BODY = YES;
				CLANG_WARN_ENUM_CONVERSION = YES;
				CLANG_WARN_INT_CONVERSION = YES;
				CLANG_WARN_OBJC_ROOT_CLASS = YES_ERROR;
				CLANG_WARN_UNREACHABLE_CODE = YES;
				CLANG_WARN__DUPLICATE_METHOD_MATCH = YES;
				"CODE_SIGN_IDENTITY[sdk=iphoneos*]" = "iPhone Developer";
				COPY_PHASE_STRIP = NO;
				ENABLE_STRICT_OBJC_MSGSEND = YES;
				GCC_C_LANGUAGE_STANDARD = gnu99;
				GCC_DYNAMIC_NO_PIC = NO;
				GCC_OPTIMIZATION_LEVEL = 0;
				GCC_PREPROCESSOR_DEFINITIONS = (
					"DEBUG=1",
					"$(inherited)",
				);
				GCC_SYMBOLS_PRIVATE_EXTERN = NO;
				GCC_WARN_64_TO_32_BIT_CONVERSION = YES;
				GCC_WARN_ABOUT_RETURN_TYPE = YES_ERROR;
				GCC_WARN_UNDECLARED_SELECTOR = YES;
				GCC_WARN_UNINITIALIZED_AUTOS = YES_AGGRESSIVE;
				GCC_WARN_UNUSED_FUNCTION = YES;
				GCC_WARN_UNUSED_VARIABLE = YES;
				IPHONEOS_DEPLOYMENT_TARGET = 8.1;
				MTL_ENABLE_DEBUG_INFO = YES;
				ONLY_ACTIVE_ARCH = YES;
				SDKROOT = iphoneos;
			};
			name = Debug;
		};
		F8B47F4C1A5EE1D0007A0CED /* Release */ = {
			isa = XCBuildConfiguration;
			buildSettings = {
				ALWAYS_SEARCH_USER_PATHS = NO;
				CLANG_CXX_LANGUAGE_STANDARD = "gnu++0x";
				CLANG_CXX_LIBRARY = "libc++";
				CLANG_ENABLE_MODULES = YES;
				CLANG_ENABLE_OBJC_ARC = YES;
				CLANG_WARN_BOOL_CONVERSION = YES;
				CLANG_WARN_CONSTANT_CONVERSION = YES;
				CLANG_WARN_DIRECT_OBJC_ISA_USAGE = YES_ERROR;
				CLANG_WARN_EMPTY_BODY = YES;
				CLANG_WARN_ENUM_CONVERSION = YES;
				CLANG_WARN_INT_CONVERSION = YES;
				CLANG_WARN_OBJC_ROOT_CLASS = YES_ERROR;
				CLANG_WARN_UNREACHABLE_CODE = YES;
				CLANG_WARN__DUPLICATE_METHOD_MATCH = YES;
				"CODE_SIGN_IDENTITY[sdk=iphoneos*]" = "iPhone Developer";
				COPY_PHASE_STRIP = YES;
				ENABLE_NS_ASSERTIONS = NO;
				ENABLE_STRICT_OBJC_MSGSEND = YES;
				GCC_C_LANGUAGE_STANDARD = gnu99;
				GCC_WARN_64_TO_32_BIT_CONVERSION = YES;
				GCC_WARN_ABOUT_RETURN_TYPE = YES_ERROR;
				GCC_WARN_UNDECLARED_SELECTOR = YES;
				GCC_WARN_UNINITIALIZED_AUTOS = YES_AGGRESSIVE;
				GCC_WARN_UNUSED_FUNCTION = YES;
				GCC_WARN_UNUSED_VARIABLE = YES;
				IPHONEOS_DEPLOYMENT_TARGET = 8.1;
				MTL_ENABLE_DEBUG_INFO = NO;
				SDKROOT = iphoneos;
				VALIDATE_PRODUCT = YES;
			};
			name = Release;
		};
		F8B47F4E1A5EE1D0007A0CED /* Debug */ = {
			isa = XCBuildConfiguration;
			buildSettings = {
				ASSETCATALOG_COMPILER_APPICON_NAME = AppIcon;
				INFOPLIST_FILE = BDDViewControllersDB/Info.plist;
				LD_RUNPATH_SEARCH_PATHS = "$(inherited) @executable_path/Frameworks";
				PRODUCT_NAME = "$(TARGET_NAME)";
			};
			name = Debug;
		};
		F8B47F4F1A5EE1D0007A0CED /* Release */ = {
			isa = XCBuildConfiguration;
			buildSettings = {
				ASSETCATALOG_COMPILER_APPICON_NAME = AppIcon;
				INFOPLIST_FILE = BDDViewControllersDB/Info.plist;
				LD_RUNPATH_SEARCH_PATHS = "$(inherited) @executable_path/Frameworks";
				PRODUCT_NAME = "$(TARGET_NAME)";
			};
			name = Release;
		};
		F8B47F511A5EE1D0007A0CED /* Debug */ = {
			isa = XCBuildConfiguration;
			baseConfigurationReference = BC95C3FD17399AA8C1145C80 /* Pods-BDDViewControllersDBTests.debug.xcconfig */;
			buildSettings = {
				BUNDLE_LOADER = "$(TEST_HOST)";
				FRAMEWORK_SEARCH_PATHS = (
					"$(SDKROOT)/Developer/Library/Frameworks",
					"$(inherited)",
				);
				GCC_PREFIX_HEADER = "BDDViewControllersDBTests/BDDViewControllersDBTests-Prefix.pch";
				GCC_PREPROCESSOR_DEFINITIONS = (
					"DEBUG=1",
					"$(inherited)",
				);
				INFOPLIST_FILE = BDDViewControllersDBTests/Info.plist;
				LD_RUNPATH_SEARCH_PATHS = "$(inherited) @executable_path/Frameworks @loader_path/Frameworks";
				PRODUCT_NAME = "$(TARGET_NAME)";
				TEST_HOST = "$(BUILT_PRODUCTS_DIR)/BDDViewControllersDB.app/BDDViewControllersDB";
			};
			name = Debug;
		};
		F8B47F521A5EE1D0007A0CED /* Release */ = {
			isa = XCBuildConfiguration;
			baseConfigurationReference = 8F26FA455F3EE78DB17F729E /* Pods-BDDViewControllersDBTests.release.xcconfig */;
			buildSettings = {
				BUNDLE_LOADER = "$(TEST_HOST)";
				FRAMEWORK_SEARCH_PATHS = (
					"$(SDKROOT)/Developer/Library/Frameworks",
					"$(inherited)",
				);
				GCC_PREFIX_HEADER = "BDDViewControllersDBTests/BDDViewControllersDBTests-Prefix.pch";
				INFOPLIST_FILE = BDDViewControllersDBTests/Info.plist;
				LD_RUNPATH_SEARCH_PATHS = "$(inherited) @executable_path/Frameworks @loader_path/Frameworks";
				PRODUCT_NAME = "$(TARGET_NAME)";
				TEST_HOST = "$(BUILT_PRODUCTS_DIR)/BDDViewControllersDB.app/BDDViewControllersDB";
			};
			name = Release;
		};
/* End XCBuildConfiguration section */

/* Begin XCConfigurationList section */
		F8B47F251A5EE1D0007A0CED /* Build configuration list for PBXProject "BDDViewControllersDB" */ = {
			isa = XCConfigurationList;
			buildConfigurations = (
				F8B47F4B1A5EE1D0007A0CED /* Debug */,
				F8B47F4C1A5EE1D0007A0CED /* Release */,
			);
			defaultConfigurationIsVisible = 0;
			defaultConfigurationName = Release;
		};
		F8B47F4D1A5EE1D0007A0CED /* Build configuration list for PBXNativeTarget "BDDViewControllersDB" */ = {
			isa = XCConfigurationList;
			buildConfigurations = (
				F8B47F4E1A5EE1D0007A0CED /* Debug */,
				F8B47F4F1A5EE1D0007A0CED /* Release */,
			);
			defaultConfigurationIsVisible = 0;
			defaultConfigurationName = Release;
		};
		F8B47F501A5EE1D0007A0CED /* Build configuration list for PBXNativeTarget "BDDViewControllersDBTests" */ = {
			isa = XCConfigurationList;
			buildConfigurations = (
				F8B47F511A5EE1D0007A0CED /* Debug */,
				F8B47F521A5EE1D0007A0CED /* Release */,
			);
			defaultConfigurationIsVisible = 0;
			defaultConfigurationName = Release;
		};
/* End XCConfigurationList section */
	};
	rootObject = F8B47F221A5EE1D0007A0CED /* Project object */;
}
